{
  "name": "@wpmoo/odoo-skills",
  "version": "0.1.0",
  "lockfileVersion": 3,
  "requires": true,
  "packages": {
    "": {
      "name": "@wpmoo/odoo-skills",
      "version": "0.1.0",
      "license": "MIT",
      "bin": {
        "odoo-skills": "bin/install.js"
      },
      "engines": {
        "node": ">=20"
      }
    }
  }
}
